
Microsoft Visual Studio Solution File, Format Version 12.00
# Visual Studio Version 16
VisualStudioVersion = 16.0.31729.503
MinimumVisualStudioVersion = 10.0.40219.1
Project("{FAE04EC0-301F-11D3-BF4B-00C04F79EFBC}") = "Clubes_Futebol", "Clubes_Futebol.csproj", "{3666C147-135C-4163-8D13-F90C65993C4D}"
EndProject
Global
	GlobalSection(SolutionConfigurationPlatforms) = preSolution
		Debug|Any CPU = Debug|Any CPU
		Release|Any CPU = Release|Any CPU
	EndGlobalSection
	GlobalSection(ProjectConfigurationPlatforms) = postSolution
		{3666C147-135C-4163-8D13-F90C65993C4D}.Debug|Any CPU.ActiveCfg = Debug|Any CPU
		{3666C147-135C-4163-8D13-F90C65993C4D}.Debug|Any CPU.Build.0 = Debug|Any CPU
		{3666C147-135C-4163-8D13-F90C65993C4D}.Release|Any CPU.ActiveCfg = Release|Any CPU
		{3666C147-135C-4163-8D13-F90C65993C4D}.Release|Any CPU.Build.0 = Release|Any CPU
	EndGlobalSection
	GlobalSection(SolutionProperties) = preSolution
		HideSolutionNode = FALSE
	EndGlobalSection
	GlobalSection(ExtensibilityGlobals) = postSolution
		SolutionGuid = {DF613897-95B4-417F-AAED-17AD54BD9312}
	EndGlobalSection
EndGlobal
